
Microsoft Visual Studio Solution File, Format Version 12.00
# Visual Studio 15
VisualStudioVersion = 15.0.28307.902
MinimumVisualStudioVersion = 10.0.40219.1
Project("{F184B08F-C81C-45F6-A57F-5ABD9991F28F}") = "ChoiceControls", "ChoiceControls\ChoiceControls.vbproj", "{E342EFE5-1D0C-4EC7-852A-F95211786826}"
EndProject
Global
	GlobalSection(SolutionConfigurationPlatforms) = preSolution
		Debug|Any CPU = Debug|Any CPU
		Release|Any CPU = Release|Any CPU
	EndGlobalSection
	GlobalSection(ProjectConfigurationPlatforms) = postSolution
		{E342EFE5-1D0C-4EC7-852A-F95211786826}.Debug|Any CPU.ActiveCfg = Debug|Any CPU
		{E342EFE5-1D0C-4EC7-852A-F95211786826}.Debug|Any CPU.Build.0 = Debug|Any CPU
		{E342EFE5-1D0C-4EC7-852A-F95211786826}.Release|Any CPU.ActiveCfg = Release|Any CPU
		{E342EFE5-1D0C-4EC7-852A-F95211786826}.Release|Any CPU.Build.0 = Release|Any CPU
	EndGlobalSection
	GlobalSection(SolutionProperties) = preSolution
		HideSolutionNode = FALSE
	EndGlobalSection
	GlobalSection(ExtensibilityGlobals) = postSolution
		SolutionGuid = {DF0706DD-790E-42A9-B43B-D9F882C7A716}
	EndGlobalSection
EndGlobal
